
Microsoft Visual Studio Solution File, Format Version 12.00
# Visual Studio 15
VisualStudioVersion = 15.0.26430.14
MinimumVisualStudioVersion = 10.0.40219.1
Project("{F184B08F-C81C-45F6-A57F-5ABD9991F28F}") = "Strite Inventory Management", "Strite Inventory Management\Strite Inventory Management.vbproj", "{59DCE63F-668F-4C92-A2EE-D89DB1458BF5}"
EndProject
Global
	GlobalSection(SolutionConfigurationPlatforms) = preSolution
		Debug|Any CPU = Debug|Any CPU
		Debug|x86 = Debug|x86
		new|Any CPU = new|Any CPU
		new|x86 = new|x86
		Release|Any CPU = Release|Any CPU
		Release|x86 = Release|x86
	EndGlobalSection
	GlobalSection(ProjectConfigurationPlatforms) = postSolution
		{59DCE63F-668F-4C92-A2EE-D89DB1458BF5}.Debug|Any CPU.ActiveCfg = Debug|Any CPU
		{59DCE63F-668F-4C92-A2EE-D89DB1458BF5}.Debug|Any CPU.Build.0 = Debug|Any CPU
		{59DCE63F-668F-4C92-A2EE-D89DB1458BF5}.Debug|x86.ActiveCfg = Debug|Any CPU
		{59DCE63F-668F-4C92-A2EE-D89DB1458BF5}.Debug|x86.Build.0 = Debug|Any CPU
		{59DCE63F-668F-4C92-A2EE-D89DB1458BF5}.new|Any CPU.ActiveCfg = Release|Any CPU
		{59DCE63F-668F-4C92-A2EE-D89DB1458BF5}.new|Any CPU.Build.0 = Release|Any CPU
		{59DCE63F-668F-4C92-A2EE-D89DB1458BF5}.new|x86.ActiveCfg = Debug|Any CPU
		{59DCE63F-668F-4C92-A2EE-D89DB1458BF5}.new|x86.Build.0 = Debug|Any CPU
		{59DCE63F-668F-4C92-A2EE-D89DB1458BF5}.Release|Any CPU.ActiveCfg = Release|Any CPU
		{59DCE63F-668F-4C92-A2EE-D89DB1458BF5}.Release|Any CPU.Build.0 = Release|Any CPU
		{59DCE63F-668F-4C92-A2EE-D89DB1458BF5}.Release|x86.ActiveCfg = Release|Any CPU
		{59DCE63F-668F-4C92-A2EE-D89DB1458BF5}.Release|x86.Build.0 = Release|Any CPU
	EndGlobalSection
	GlobalSection(SolutionProperties) = preSolution
		HideSolutionNode = FALSE
	EndGlobalSection
EndGlobal
